
Microsoft Visual Studio Solution File, Format Version 11.00
# Visual Studio 2010
Project("{FAE04EC0-301F-11D3-BF4B-00C04F79EFBC}") = "NSync.Core", "NSync.Core\NSync.Core.csproj", "{3D17D46A-A411-4922-B932-9EBE2AAE0ED7}"
EndProject
Project("{FAE04EC0-301F-11D3-BF4B-00C04F79EFBC}") = "NSync.Tests", "NSync.Tests\NSync.Tests.csproj", "{EA09F209-2552-4320-9195-ED661C33D975}"
EndProject
Global
	GlobalSection(SolutionConfigurationPlatforms) = preSolution
		Debug|Any CPU = Debug|Any CPU
		Release|Any CPU = Release|Any CPU
	EndGlobalSection
	GlobalSection(ProjectConfigurationPlatforms) = postSolution
		{3D17D46A-A411-4922-B932-9EBE2AAE0ED7}.Debug|Any CPU.ActiveCfg = Debug|Any CPU
		{3D17D46A-A411-4922-B932-9EBE2AAE0ED7}.Debug|Any CPU.Build.0 = Debug|Any CPU
		{3D17D46A-A411-4922-B932-9EBE2AAE0ED7}.Release|Any CPU.ActiveCfg = Release|Any CPU
		{3D17D46A-A411-4922-B932-9EBE2AAE0ED7}.Release|Any CPU.Build.0 = Release|Any CPU
		{EA09F209-2552-4320-9195-ED661C33D975}.Debug|Any CPU.ActiveCfg = Debug|Any CPU
		{EA09F209-2552-4320-9195-ED661C33D975}.Debug|Any CPU.Build.0 = Debug|Any CPU
		{EA09F209-2552-4320-9195-ED661C33D975}.Release|Any CPU.ActiveCfg = Release|Any CPU
		{EA09F209-2552-4320-9195-ED661C33D975}.Release|Any CPU.Build.0 = Release|Any CPU
	EndGlobalSection
	GlobalSection(SolutionProperties) = preSolution
		HideSolutionNode = FALSE
	EndGlobalSection
EndGlobal
